// !$*UTF8*$!
{
	archiveVersion = 1;
	classes = {
	};
	objectVersion = 56;
	objects = {

/* Begin PBXBuildFile section */
		FILE001 /* FamilyGame/App/FamilyGameApp.swift in Sources */ = {isa = PBXBuildFile; fileRef = REF001 /* FamilyGame/App/FamilyGameApp.swift */; };
		FILE002 /* FamilyGame/Logic/GameLogic.swift in Sources */ = {isa = PBXBuildFile; fileRef = REF002 /* FamilyGame/Logic/GameLogic.swift */; };
		FILE003 /* FamilyGame/Logic/TurnValidator.swift in Sources */ = {isa = PBXBuildFile; fileRef = REF003 /* FamilyGame/Logic/TurnValidator.swift */; };
		FILE004 /* FamilyGame/Managers/ThemeManager.swift in Sources */ = {isa = PBXBuildFile; fileRef = REF004 /* FamilyGame/Managers/ThemeManager.swift */; };
		FILE005 /* FamilyGame/Models/AppState.swift in Sources */ = {isa = PBXBuildFile; fileRef = REF005 /* FamilyGame/Models/AppState.swift */; };
		FILE006 /* FamilyGame/Models/Card.swift in Sources */ = {isa = PBXBuildFile; fileRef = REF006 /* FamilyGame/Models/Card.swift */; };
		FILE007 /* FamilyGame/Models/GameState.swift in Sources */ = {isa = PBXBuildFile; fileRef = REF007 /* FamilyGame/Models/GameState.swift */; };
		FILE008 /* FamilyGame/Models/Player.swift in Sources */ = {isa = PBXBuildFile; fileRef = REF008 /* FamilyGame/Models/Player.swift */; };
		FILE009 /* FamilyGame/Models/TapResult.swift in Sources */ = {isa = PBXBuildFile; fileRef = REF009 /* FamilyGame/Models/TapResult.swift */; };
		FILE010 /* FamilyGame/Theme/ThemeColors.swift in Sources */ = {isa = PBXBuildFile; fileRef = REF010 /* FamilyGame/Theme/ThemeColors.swift */; };
		FILE011 /* FamilyGame/Views/AnimatedSubtitle.swift in Sources */ = {isa = PBXBuildFile; fileRef = REF011 /* FamilyGame/Views/AnimatedSubtitle.swift */; };
		FILE012 /* FamilyGame/Views/AnimatedTitle.swift in Sources */ = {isa = PBXBuildFile; fileRef = REF012 /* FamilyGame/Views/AnimatedTitle.swift */; };
		FILE013 /* FamilyGame/Views/CardView.swift in Sources */ = {isa = PBXBuildFile; fileRef = REF013 /* FamilyGame/Views/CardView.swift */; };
		FILE014 /* FamilyGame/Views/Color+VisionPalette.swift in Sources */ = {isa = PBXBuildFile; fileRef = REF014 /* FamilyGame/Views/Color+VisionPalette.swift */; };
		FILE015 /* FamilyGame/Views/DecorativeBackground.swift in Sources */ = {isa = PBXBuildFile; fileRef = REF015 /* FamilyGame/Views/DecorativeBackground.swift */; };
		FILE016 /* FamilyGame/Views/EndGameScreenView.swift in Sources */ = {isa = PBXBuildFile; fileRef = REF016 /* FamilyGame/Views/EndGameScreenView.swift */; };
		FILE017 /* FamilyGame/Views/GameScreenView.swift in Sources */ = {isa = PBXBuildFile; fileRef = REF017 /* FamilyGame/Views/GameScreenView.swift */; };
		FILE018 /* FamilyGame/Views/SetupScreenView.swift in Sources */ = {isa = PBXBuildFile; fileRef = REF018 /* FamilyGame/Views/SetupScreenView.swift */; };
		FILE019 /* FamilyGame/Views/TurnIndicatorView.swift in Sources */ = {isa = PBXBuildFile; fileRef = REF019 /* FamilyGame/Views/TurnIndicatorView.swift */; };
		FILE020 /* FamilyGame/Views/VibrantButton.swift in Sources */ = {isa = PBXBuildFile; fileRef = REF020 /* FamilyGame/Views/VibrantButton.swift */; };
		FILE021 /* FamilyGame/Views/WelcomeScreenView.swift in Sources */ = {isa = PBXBuildFile; fileRef = REF021 /* FamilyGame/Views/WelcomeScreenView.swift */; };
		FILE022 /* FamilyGame/Assets.xcassets in Resources */ = {isa = PBXBuildFile; fileRef = REF022 /* FamilyGame/Assets.xcassets */; };
		FILE023 /* FamilyGame/Managers/LaunchSoundManager.swift in Sources */ = {isa = PBXBuildFile; fileRef = REF023 /* FamilyGame/Managers/LaunchSoundManager.swift */; };
		FILE024 /* FamilyGame/Views/HowToPlayView.swift in Sources */ = {isa = PBXBuildFile; fileRef = REF024 /* FamilyGame/Views/HowToPlayView.swift */; };
		FILE025 /* FamilyGame/Views/PrivacyPolicyView.swift in Sources */ = {isa = PBXBuildFile; fileRef = REF025 /* FamilyGame/Views/PrivacyPolicyView.swift */; };
/* End PBXBuildFile section */

/* Begin PBXFileReference section */
		PRODUCT /* FamilyGame.app */ = {isa = PBXFileReference; explicitFileType = wrapper.application; includeInIndex = 0; path = FamilyGame.app; sourceTree = BUILT_PRODUCTS_DIR; };
		REF001 /* FamilyGame/App/FamilyGameApp.swift */ = {isa = PBXFileReference; lastKnownFileType = sourcecode.swift; path = FamilyGame/App/FamilyGameApp.swift; sourceTree = SOURCE_ROOT; };
		REF002 /* FamilyGame/Logic/GameLogic.swift */ = {isa = PBXFileReference; lastKnownFileType = sourcecode.swift; path = FamilyGame/Logic/GameLogic.swift; sourceTree = SOURCE_ROOT; };
		REF003 /* FamilyGame/Logic/TurnValidator.swift */ = {isa = PBXFileReference; lastKnownFileType = sourcecode.swift; path = FamilyGame/Logic/TurnValidator.swift; sourceTree = SOURCE_ROOT; };
		REF004 /* FamilyGame/Managers/ThemeManager.swift */ = {isa = PBXFileReference; lastKnownFileType = sourcecode.swift; path = FamilyGame/Managers/ThemeManager.swift; sourceTree = SOURCE_ROOT; };
		REF005 /* FamilyGame/Models/AppState.swift */ = {isa = PBXFileReference; lastKnownFileType = sourcecode.swift; path = FamilyGame/Models/AppState.swift; sourceTree = SOURCE_ROOT; };
		REF006 /* FamilyGame/Models/Card.swift */ = {isa = PBXFileReference; lastKnownFileType = sourcecode.swift; path = FamilyGame/Models/Card.swift; sourceTree = SOURCE_ROOT; };
		REF007 /* FamilyGame/Models/GameState.swift */ = {isa = PBXFileReference; lastKnownFileType = sourcecode.swift; path = FamilyGame/Models/GameState.swift; sourceTree = SOURCE_ROOT; };
		REF008 /* FamilyGame/Models/Player.swift */ = {isa = PBXFileReference; lastKnownFileType = sourcecode.swift; path = FamilyGame/Models/Player.swift; sourceTree = SOURCE_ROOT; };
		REF009 /* FamilyGame/Models/TapResult.swift */ = {isa = PBXFileReference; lastKnownFileType = sourcecode.swift; path = FamilyGame/Models/TapResult.swift; sourceTree = SOURCE_ROOT; };
		REF010 /* FamilyGame/Theme/ThemeColors.swift */ = {isa = PBXFileReference; lastKnownFileType = sourcecode.swift; path = FamilyGame/Theme/ThemeColors.swift; sourceTree = SOURCE_ROOT; };
		REF011 /* FamilyGame/Views/AnimatedSubtitle.swift */ = {isa = PBXFileReference; lastKnownFileType = sourcecode.swift; path = FamilyGame/Views/AnimatedSubtitle.swift; sourceTree = SOURCE_ROOT; };
		REF012 /* FamilyGame/Views/AnimatedTitle.swift */ = {isa = PBXFileReference; lastKnownFileType = sourcecode.swift; path = FamilyGame/Views/AnimatedTitle.swift; sourceTree = SOURCE_ROOT; };
		REF013 /* FamilyGame/Views/CardView.swift */ = {isa = PBXFileReference; lastKnownFileType = sourcecode.swift; path = FamilyGame/Views/CardView.swift; sourceTree = SOURCE_ROOT; };
		REF014 /* FamilyGame/Views/Color+VisionPalette.swift */ = {isa = PBXFileReference; lastKnownFileType = sourcecode.swift; path = "FamilyGame/Views/Color+VisionPalette.swift"; sourceTree = SOURCE_ROOT; };
		REF015 /* FamilyGame/Views/DecorativeBackground.swift */ = {isa = PBXFileReference; lastKnownFileType = sourcecode.swift; path = FamilyGame/Views/DecorativeBackground.swift; sourceTree = SOURCE_ROOT; };
		REF016 /* FamilyGame/Views/EndGameScreenView.swift */ = {isa = PBXFileReference; lastKnownFileType = sourcecode.swift; path = FamilyGame/Views/EndGameScreenView.swift; sourceTree = SOURCE_ROOT; };
		REF017 /* FamilyGame/Views/GameScreenView.swift */ = {isa = PBXFileReference; lastKnownFileType = sourcecode.swift; path = FamilyGame/Views/GameScreenView.swift; sourceTree = SOURCE_ROOT; };
		REF018 /* FamilyGame/Views/SetupScreenView.swift */ = {isa = PBXFileReference; lastKnownFileType = sourcecode.swift; path = FamilyGame/Views/SetupScreenView.swift; sourceTree = SOURCE_ROOT; };
		REF019 /* FamilyGame/Views/TurnIndicatorView.swift */ = {isa = PBXFileReference; lastKnownFileType = sourcecode.swift; path = FamilyGame/Views/TurnIndicatorView.swift; sourceTree = SOURCE_ROOT; };
		REF020 /* FamilyGame/Views/VibrantButton.swift */ = {isa = PBXFileReference; lastKnownFileType = sourcecode.swift; path = FamilyGame/Views/VibrantButton.swift; sourceTree = SOURCE_ROOT; };
		REF021 /* FamilyGame/Views/WelcomeScreenView.swift */ = {isa = PBXFileReference; lastKnownFileType = sourcecode.swift; path = FamilyGame/Views/WelcomeScreenView.swift; sourceTree = SOURCE_ROOT; };
		REF022 /* FamilyGame/Assets.xcassets */ = {isa = PBXFileReference; lastKnownFileType = folder.assetcatalog; path = FamilyGame/Assets.xcassets; sourceTree = SOURCE_ROOT; };
		REF023 /* FamilyGame/Managers/LaunchSoundManager.swift */ = {isa = PBXFileReference; lastKnownFileType = sourcecode.swift; path = FamilyGame/Managers/LaunchSoundManager.swift; sourceTree = SOURCE_ROOT; };
		REF024 /* FamilyGame/Views/HowToPlayView.swift */ = {isa = PBXFileReference; lastKnownFileType = sourcecode.swift; path = FamilyGame/Views/HowToPlayView.swift; sourceTree = SOURCE_ROOT; };
		REF025 /* FamilyGame/Views/PrivacyPolicyView.swift */ = {isa = PBXFileReference; lastKnownFileType = sourcecode.swift; path = FamilyGame/Views/PrivacyPolicyView.swift; sourceTree = SOURCE_ROOT; };
/* End PBXFileReference section */

/* Begin PBXFrameworksBuildPhase section */
		FRAMEWORKS /* Frameworks */ = {
			isa = PBXFrameworksBuildPhase;
			buildActionMask = 2147483647;
			files = (
			);
			runOnlyForDeploymentPostprocessing = 0;
		};
/* End PBXFrameworksBuildPhase section */

/* Begin PBXGroup section */
		CC7644172F6FEFF300F832BE /* Recovered References */ = {
			isa = PBXGroup;
			children = (
				REF001 /* FamilyGame/App/FamilyGameApp.swift */,
				REF002 /* FamilyGame/Logic/GameLogic.swift */,
				REF003 /* FamilyGame/Logic/TurnValidator.swift */,
				REF004 /* FamilyGame/Managers/ThemeManager.swift */,
				REF023 /* FamilyGame/Managers/LaunchSoundManager.swift */,
				REF005 /* FamilyGame/Models/AppState.swift */,
				REF006 /* FamilyGame/Models/Card.swift */,
				REF007 /* FamilyGame/Models/GameState.swift */,
				REF008 /* FamilyGame/Models/Player.swift */,
				REF009 /* FamilyGame/Models/TapResult.swift */,
				REF010 /* FamilyGame/Theme/ThemeColors.swift */,
				REF011 /* FamilyGame/Views/AnimatedSubtitle.swift */,
				REF012 /* FamilyGame/Views/AnimatedTitle.swift */,
				REF013 /* FamilyGame/Views/CardView.swift */,
				REF014 /* FamilyGame/Views/Color+VisionPalette.swift */,
				REF015 /* FamilyGame/Views/DecorativeBackground.swift */,
				REF016 /* FamilyGame/Views/EndGameScreenView.swift */,
				REF017 /* FamilyGame/Views/GameScreenView.swift */,
				REF018 /* FamilyGame/Views/SetupScreenView.swift */,
				REF019 /* FamilyGame/Views/TurnIndicatorView.swift */,
				REF020 /* FamilyGame/Views/VibrantButton.swift */,
				REF021 /* FamilyGame/Views/WelcomeScreenView.swift */,
				REF024 /* FamilyGame/Views/HowToPlayView.swift */,
				REF025 /* FamilyGame/Views/PrivacyPolicyView.swift */,
				REF022 /* FamilyGame/Assets.xcassets */,
			);
			name = "Recovered References";
			sourceTree = "<group>";
		};
		PRODUCTS /* Products */ = {
			isa = PBXGroup;
			children = (
				PRODUCT /* FamilyGame.app */,
			);
			name = Products;
			sourceTree = "<group>";
		};
		ROOT /* FamilyGame */ = {
			isa = PBXGroup;
			children = (
				CC7644172F6FEFF300F832BE /* Recovered References */,
			);
			path = FamilyGame;
			sourceTree = SOURCE_ROOT;
		};
/* End PBXGroup section */

/* Begin PBXNativeTarget section */
		TARGET /* FamilyGame */ = {
			isa = PBXNativeTarget;
			buildConfigurationList = BUILDLIST /* Build configuration list for PBXNativeTarget "FamilyGame" */;
			buildPhases = (
				SOURCES /* Sources */,
				FRAMEWORKS /* Frameworks */,
				RESOURCES /* Resources */,
			);
			buildRules = (
			);
			dependencies = (
			);
			name = FamilyGame;
			productName = FamilyGame;
			productReference = PRODUCT /* FamilyGame.app */;
			productType = "com.apple.product-type.application";
		};
/* End PBXNativeTarget section */

/* Begin PBXProject section */
		PROJECT /* Project object */ = {
			isa = PBXProject;
			attributes = {
				BuildIndependentTargetsInParallel = 1;
				LastUpgradeCheck = 1600;
				TargetAttributes = {
					TARGET = {
						CreatedOnToolsVersion = 16.0;
					};
				};
			};
			buildConfigurationList = BUILDLIST_PROJECT /* Build configuration list for PBXProject "FamilyGame" */;
			compatibilityVersion = "Xcode 14.0";
			developmentRegion = en;
			hasScannedForEncodings = 0;
			knownRegions = (
				en,
			);
			mainGroup = ROOT /* FamilyGame */;
			productRefGroup = PRODUCTS /* Products */;
			projectDirPath = "";
			projectRoot = "";
			targets = (
				TARGET /* FamilyGame */,
			);
		};
/* End PBXProject section */

/* Begin PBXResourcesBuildPhase section */
		RESOURCES /* Resources */ = {
			isa = PBXResourcesBuildPhase;
			buildActionMask = 2147483647;
			files = (
				FILE022 /* FamilyGame/Assets.xcassets in Resources */,
			);
			runOnlyForDeploymentPostprocessing = 0;
		};
/* End PBXResourcesBuildPhase section */

/* Begin PBXSourcesBuildPhase section */
		SOURCES /* Sources */ = {
			isa = PBXSourcesBuildPhase;
			buildActionMask = 2147483647;
			files = (
				FILE001 /* FamilyGame/App/FamilyGameApp.swift in Sources */,
				FILE002 /* FamilyGame/Logic/GameLogic.swift in Sources */,
				FILE003 /* FamilyGame/Logic/TurnValidator.swift in Sources */,
				FILE004 /* FamilyGame/Managers/ThemeManager.swift in Sources */,
				FILE023 /* FamilyGame/Managers/LaunchSoundManager.swift in Sources */,
				FILE005 /* FamilyGame/Models/AppState.swift in Sources */,
				FILE006 /* FamilyGame/Models/Card.swift in Sources */,
				FILE007 /* FamilyGame/Models/GameState.swift in Sources */,
				FILE008 /* FamilyGame/Models/Player.swift in Sources */,
				FILE009 /* FamilyGame/Models/TapResult.swift in Sources */,
				FILE010 /* FamilyGame/Theme/ThemeColors.swift in Sources */,
				FILE011 /* FamilyGame/Views/AnimatedSubtitle.swift in Sources */,
				FILE012 /* FamilyGame/Views/AnimatedTitle.swift in Sources */,
				FILE013 /* FamilyGame/Views/CardView.swift in Sources */,
				FILE014 /* FamilyGame/Views/Color+VisionPalette.swift in Sources */,
				FILE015 /* FamilyGame/Views/DecorativeBackground.swift in Sources */,
				FILE016 /* FamilyGame/Views/EndGameScreenView.swift in Sources */,
				FILE017 /* FamilyGame/Views/GameScreenView.swift in Sources */,
				FILE018 /* FamilyGame/Views/SetupScreenView.swift in Sources */,
				FILE019 /* FamilyGame/Views/TurnIndicatorView.swift in Sources */,
				FILE020 /* FamilyGame/Views/VibrantButton.swift in Sources */,
				FILE021 /* FamilyGame/Views/WelcomeScreenView.swift in Sources */,
				FILE024 /* FamilyGame/Views/HowToPlayView.swift in Sources */,
				FILE025 /* FamilyGame/Views/PrivacyPolicyView.swift in Sources */,
			);
			runOnlyForDeploymentPostprocessing = 0;
		};
/* End PBXSourcesBuildPhase section */

/* Begin XCBuildConfiguration section */
		DEBUG /* Debug */ = {
			isa = XCBuildConfiguration;
			buildSettings = {
				ALWAYS_SEARCH_USER_PATHS = NO;
				ASSETCATALOG_COMPILER_APPICON_NAME = AppIcon;
				CLANG_ANALYZER_NONNULL = YES;
				CLANG_CXX_LANGUAGE_DIALECT = "c++17";
				CLANG_WARN_DOCUMENTATION_COMMENTS = YES;
				CLANG_WARN_EMPTY_BODY = YES;
				CLANG_WARN_ENUM_CONVERSION = YES;
				CLANG_WARN_UNREACHABLE_CODE = YES;
				CODE_SIGN_IDENTITY = "iPhone Developer";
				CODE_SIGN_STYLE = Automatic;
				CURRENT_PROJECT_VERSION = 2;
				DEBUG_INFORMATION_FORMAT = dwarf;
				DEVELOPMENT_TEAM = XP82N7XPTB;
				GCC_NO_COMMON_BLOCKS = YES;
				GCC_WARN_64_TO_32_BIT_CONVERSION = YES;
				GENERATE_INFOPLIST_FILE = NO;
				INFOPLIST_FILE = FamilyGame/Info.plist;
				IPHONEOS_DEPLOYMENT_TARGET = 17.0;
				MARKETING_VERSION = 1.1;
				PRODUCT_BUNDLE_IDENTIFIER = com.amolbabu.familygame;
				PRODUCT_NAME = "$(TARGET_NAME)";
				SDKROOT = iphoneos;
				SUPPORTED_PLATFORMS = "iphoneos iphonesimulator";
				SWIFT_EMIT_LOC_STRINGS = YES;
				SWIFT_VERSION = 5.9;
				TARGETED_DEVICE_FAMILY = 1;
				VALIDATE_PRODUCT = NO;
			};
			name = Debug;
		};
		RELEASE /* Release */ = {
			isa = XCBuildConfiguration;
			buildSettings = {
				ALWAYS_SEARCH_USER_PATHS = NO;
				ASSETCATALOG_COMPILER_APPICON_NAME = AppIcon;
				CODE_SIGN_STYLE = Automatic;
				COPY_PHASE_STRIP = NO;
				CURRENT_PROJECT_VERSION = 2;
				DEBUG_INFORMATION_FORMAT = "dwarf-with-dsym";
				DEVELOPMENT_TEAM = XP82N7XPTB;
				GCC_NO_COMMON_BLOCKS = YES;
				GCC_WARN_64_TO_32_BIT_CONVERSION = YES;
				GENERATE_INFOPLIST_FILE = NO;
				INFOPLIST_FILE = FamilyGame/Info.plist;
				IPHONEOS_DEPLOYMENT_TARGET = 17.0;
				MARKETING_VERSION = 1.1;
				PRODUCT_BUNDLE_IDENTIFIER = com.amolbabu.familygame;
				PRODUCT_NAME = "$(TARGET_NAME)";
				SDKROOT = iphoneos;
				SUPPORTED_PLATFORMS = "iphoneos iphonesimulator";
				SWIFT_EMIT_LOC_STRINGS = YES;
				SWIFT_VERSION = 5.9;
				TARGETED_DEVICE_FAMILY = 1;
				VALIDATE_PRODUCT = YES;
			};
			name = Release;
		};
/* End XCBuildConfiguration section */

/* Begin XCConfigurationList section */
		BUILDLIST /* Build configuration list for PBXNativeTarget "FamilyGame" */ = {
			isa = XCConfigurationList;
			buildConfigurations = (
				DEBUG /* Debug */,
				RELEASE /* Release */,
			);
			defaultConfigurationIsVisible = 0;
			defaultConfigurationName = Debug;
		};
		BUILDLIST_PROJECT /* Build configuration list for PBXProject "FamilyGame" */ = {
			isa = XCConfigurationList;
			buildConfigurations = (
				DEBUG /* Debug */,
				RELEASE /* Release */,
			);
			defaultConfigurationIsVisible = 0;
			defaultConfigurationName = Debug;
		};
/* End XCConfigurationList section */
	};
	rootObject = PROJECT /* Project object */;
}
